<Solution>
  <Project Path="IndieMoba.Presentation.csproj" />
  <Project Path="IndieMoba.Input.csproj" />
  <Project Path="IndieMoba.Characters.csproj" />
  <Project Path="IndieMoba.CameraSystem.csproj" />
  <Project Path="IndieMoba.Core.csproj" />
  <Project Path="IndieMoba.Editor.csproj" />
</Solution>
